
Microsoft Visual Studio Solution File, Format Version 12.00
# Visual Studio 15
Project("{FAE04EC0-301F-11D3-BF4B-00C04F79EFBC}") = "Assembly-CSharp", "Assembly-CSharp.csproj", "{985FE8D5-4B3E-FB7C-E3BF-72F475D8EC83}"
EndProject
Project("{FAE04EC0-301F-11D3-BF4B-00C04F79EFBC}") = "Assembly-CSharp-Editor", "Assembly-CSharp-Editor.csproj", "{DB2D9A27-9DE9-7EE9-2E94-84F342DA2849}"
EndProject
Project("{FAE04EC0-301F-11D3-BF4B-00C04F79EFBC}") = "BigRookGames", "BigRookGames.csproj", "{B44F516F-043F-04C2-6F09-DC1FC19B744B}"
EndProject
Project("{FAE04EC0-301F-11D3-BF4B-00C04F79EFBC}") = "Polyperfect.Universal", "Polyperfect.Universal.csproj", "{39F0ED8D-E878-EF98-C060-EC85650D7E0F}"
EndProject
Global
	GlobalSection(SolutionConfigurationPlatforms) = preSolution
		Debug|Any CPU = Debug|Any CPU
		Release|Any CPU = Release|Any CPU
	EndGlobalSection
	GlobalSection(ProjectConfigurationPlatforms) = postSolution
		{985FE8D5-4B3E-FB7C-E3BF-72F475D8EC83}.Debug|Any CPU.ActiveCfg = Debug|Any CPU
		{985FE8D5-4B3E-FB7C-E3BF-72F475D8EC83}.Debug|Any CPU.Build.0 = Debug|Any CPU
		{985FE8D5-4B3E-FB7C-E3BF-72F475D8EC83}.Release|Any CPU.ActiveCfg = Release|Any CPU
		{985FE8D5-4B3E-FB7C-E3BF-72F475D8EC83}.Release|Any CPU.Build.0 = Release|Any CPU
		{DB2D9A27-9DE9-7EE9-2E94-84F342DA2849}.Debug|Any CPU.ActiveCfg = Debug|Any CPU
		{DB2D9A27-9DE9-7EE9-2E94-84F342DA2849}.Debug|Any CPU.Build.0 = Debug|Any CPU
		{DB2D9A27-9DE9-7EE9-2E94-84F342DA2849}.Release|Any CPU.ActiveCfg = Release|Any CPU
		{DB2D9A27-9DE9-7EE9-2E94-84F342DA2849}.Release|Any CPU.Build.0 = Release|Any CPU
		{B44F516F-043F-04C2-6F09-DC1FC19B744B}.Debug|Any CPU.ActiveCfg = Debug|Any CPU
		{B44F516F-043F-04C2-6F09-DC1FC19B744B}.Debug|Any CPU.Build.0 = Debug|Any CPU
		{B44F516F-043F-04C2-6F09-DC1FC19B744B}.Release|Any CPU.ActiveCfg = Release|Any CPU
		{B44F516F-043F-04C2-6F09-DC1FC19B744B}.Release|Any CPU.Build.0 = Release|Any CPU
		{39F0ED8D-E878-EF98-C060-EC85650D7E0F}.Debug|Any CPU.ActiveCfg = Debug|Any CPU
		{39F0ED8D-E878-EF98-C060-EC85650D7E0F}.Debug|Any CPU.Build.0 = Debug|Any CPU
		{39F0ED8D-E878-EF98-C060-EC85650D7E0F}.Release|Any CPU.ActiveCfg = Release|Any CPU
		{39F0ED8D-E878-EF98-C060-EC85650D7E0F}.Release|Any CPU.Build.0 = Release|Any CPU
	EndGlobalSection
	GlobalSection(SolutionProperties) = preSolution
		HideSolutionNode = FALSE
	EndGlobalSection
EndGlobal
